
Microsoft Visual Studio Solution File, Format Version 12.00
# Visual Studio Version 17
VisualStudioVersion = 17.13.35825.156 d17.13
MinimumVisualStudioVersion = 10.0.40219.1
Project("{FAE04EC0-301F-11D3-BF4B-00C04F79EFBC}") = "MusicLocalUI", "MusicLocalUI\MusicLocalUI.csproj", "{9E787FFB-6B31-4D4B-99EF-181799410ABF}"
EndProject
Global
	GlobalSection(SolutionConfigurationPlatforms) = preSolution
		Debug|Any CPU = Debug|Any CPU
		Release|Any CPU = Release|Any CPU
	EndGlobalSection
	GlobalSection(ProjectConfigurationPlatforms) = postSolution
		{9E787FFB-6B31-4D4B-99EF-181799410ABF}.Debug|Any CPU.ActiveCfg = Debug|Any CPU
		{9E787FFB-6B31-4D4B-99EF-181799410ABF}.Debug|Any CPU.Build.0 = Debug|Any CPU
		{9E787FFB-6B31-4D4B-99EF-181799410ABF}.Release|Any CPU.ActiveCfg = Release|Any CPU
		{9E787FFB-6B31-4D4B-99EF-181799410ABF}.Release|Any CPU.Build.0 = Release|Any CPU
	EndGlobalSection
	GlobalSection(SolutionProperties) = preSolution
		HideSolutionNode = FALSE
	EndGlobalSection
	GlobalSection(ExtensibilityGlobals) = postSolution
		SolutionGuid = {B1B988E0-4E01-40F5-9ACD-42D8E5BAADDD}
	EndGlobalSection
EndGlobal
